
Microsoft Visual Studio Solution File, Format Version 12.00
# Visual Studio Version 16
VisualStudioVersion = 16.0.30907.101
MinimumVisualStudioVersion = 10.0.40219.1
Project("{9A19103F-16F7-4668-BE54-9A1E7A4F7556}") = "Api", "Api\Api.csproj", "{9A0231AE-4053-4AEA-BA65-C749D64F1294}"
EndProject
Project("{FAE04EC0-301F-11D3-BF4B-00C04F79EFBC}") = "Worker", "Worker\Worker.csproj", "{6B4CE231-4DF2-4535-8794-8B4804BAC935}"
EndProject
Project("{2150E333-8FDC-42A3-9474-1A3956D46DE8}") = "Messages", "Messages", "{A4224203-3E37-4D51-BB89-FD719A0C76DB}"
EndProject
Project("{FAE04EC0-301F-11D3-BF4B-00C04F79EFBC}") = "Messages.Domain", "Messages.Domain\Messages.Domain.csproj", "{F2CB4620-668C-4537-867F-24DD61004B59}"
EndProject
Project("{FAE04EC0-301F-11D3-BF4B-00C04F79EFBC}") = "Messages.Infrastructure", "Messages.Infrastructure\Messages.Infrastructure.csproj", "{944D1754-2D37-4A96-942E-C44D7BF672D2}"
EndProject
Project("{FAE04EC0-301F-11D3-BF4B-00C04F79EFBC}") = "Shared.Infrastructure", "Shared.Infrastructure\Shared.Infrastructure.csproj", "{D58FF7C2-BB37-4C6D-AB1A-0B40072CCDAD}"
EndProject
Project("{FAE04EC0-301F-11D3-BF4B-00C04F79EFBC}") = "Messages.Application", "Messages.Application\Messages.Application.csproj", "{9E423CDB-A7A5-4480-B5B0-4450C8F8F96C}"
EndProject
Global
	GlobalSection(SolutionConfigurationPlatforms) = preSolution
		Debug|Any CPU = Debug|Any CPU
		Release|Any CPU = Release|Any CPU
	EndGlobalSection
	GlobalSection(ProjectConfigurationPlatforms) = postSolution
		{9A0231AE-4053-4AEA-BA65-C749D64F1294}.Debug|Any CPU.ActiveCfg = Debug|Any CPU
		{9A0231AE-4053-4AEA-BA65-C749D64F1294}.Debug|Any CPU.Build.0 = Debug|Any CPU
		{9A0231AE-4053-4AEA-BA65-C749D64F1294}.Release|Any CPU.ActiveCfg = Release|Any CPU
		{9A0231AE-4053-4AEA-BA65-C749D64F1294}.Release|Any CPU.Build.0 = Release|Any CPU
		{6B4CE231-4DF2-4535-8794-8B4804BAC935}.Debug|Any CPU.ActiveCfg = Debug|Any CPU
		{6B4CE231-4DF2-4535-8794-8B4804BAC935}.Debug|Any CPU.Build.0 = Debug|Any CPU
		{6B4CE231-4DF2-4535-8794-8B4804BAC935}.Release|Any CPU.ActiveCfg = Release|Any CPU
		{6B4CE231-4DF2-4535-8794-8B4804BAC935}.Release|Any CPU.Build.0 = Release|Any CPU
		{F2CB4620-668C-4537-867F-24DD61004B59}.Debug|Any CPU.ActiveCfg = Debug|Any CPU
		{F2CB4620-668C-4537-867F-24DD61004B59}.Debug|Any CPU.Build.0 = Debug|Any CPU
		{F2CB4620-668C-4537-867F-24DD61004B59}.Release|Any CPU.ActiveCfg = Release|Any CPU
		{F2CB4620-668C-4537-867F-24DD61004B59}.Release|Any CPU.Build.0 = Release|Any CPU
		{944D1754-2D37-4A96-942E-C44D7BF672D2}.Debug|Any CPU.ActiveCfg = Debug|Any CPU
		{944D1754-2D37-4A96-942E-C44D7BF672D2}.Debug|Any CPU.Build.0 = Debug|Any CPU
		{944D1754-2D37-4A96-942E-C44D7BF672D2}.Release|Any CPU.ActiveCfg = Release|Any CPU
		{944D1754-2D37-4A96-942E-C44D7BF672D2}.Release|Any CPU.Build.0 = Release|Any CPU
		{D58FF7C2-BB37-4C6D-AB1A-0B40072CCDAD}.Debug|Any CPU.ActiveCfg = Debug|Any CPU
		{D58FF7C2-BB37-4C6D-AB1A-0B40072CCDAD}.Debug|Any CPU.Build.0 = Debug|Any CPU
		{D58FF7C2-BB37-4C6D-AB1A-0B40072CCDAD}.Release|Any CPU.ActiveCfg = Release|Any CPU
		{D58FF7C2-BB37-4C6D-AB1A-0B40072CCDAD}.Release|Any CPU.Build.0 = Release|Any CPU
		{9E423CDB-A7A5-4480-B5B0-4450C8F8F96C}.Debug|Any CPU.ActiveCfg = Debug|Any CPU
		{9E423CDB-A7A5-4480-B5B0-4450C8F8F96C}.Debug|Any CPU.Build.0 = Debug|Any CPU
		{9E423CDB-A7A5-4480-B5B0-4450C8F8F96C}.Release|Any CPU.ActiveCfg = Release|Any CPU
		{9E423CDB-A7A5-4480-B5B0-4450C8F8F96C}.Release|Any CPU.Build.0 = Release|Any CPU
	EndGlobalSection
	GlobalSection(SolutionProperties) = preSolution
		HideSolutionNode = FALSE
	EndGlobalSection
	GlobalSection(NestedProjects) = preSolution
		{F2CB4620-668C-4537-867F-24DD61004B59} = {A4224203-3E37-4D51-BB89-FD719A0C76DB}
		{944D1754-2D37-4A96-942E-C44D7BF672D2} = {A4224203-3E37-4D51-BB89-FD719A0C76DB}
		{9E423CDB-A7A5-4480-B5B0-4450C8F8F96C} = {A4224203-3E37-4D51-BB89-FD719A0C76DB}
	EndGlobalSection
	GlobalSection(ExtensibilityGlobals) = postSolution
		SolutionGuid = {FD2D7334-7D38-49C8-BEBE-79DDEECF0C9C}
	EndGlobalSection
EndGlobal
